
Microsoft Visual Studio Solution File, Format Version 12.00
# Visual Studio 15
VisualStudioVersion = 15.0.28010.2036
MinimumVisualStudioVersion = 10.0.40219.1
Project("{FAE04EC0-301F-11D3-BF4B-00C04F79EFBC}") = "Gas", "Gas\Gas.csproj", "{FFCFCDAE-9CBA-4F4C-9BDE-8880AD79C51A}"
EndProject
Global
	GlobalSection(SolutionConfigurationPlatforms) = preSolution
		Debug|Any CPU = Debug|Any CPU
		Release|Any CPU = Release|Any CPU
	EndGlobalSection
	GlobalSection(ProjectConfigurationPlatforms) = postSolution
		{FFCFCDAE-9CBA-4F4C-9BDE-8880AD79C51A}.Debug|Any CPU.ActiveCfg = Debug|Any CPU
		{FFCFCDAE-9CBA-4F4C-9BDE-8880AD79C51A}.Debug|Any CPU.Build.0 = Debug|Any CPU
		{FFCFCDAE-9CBA-4F4C-9BDE-8880AD79C51A}.Release|Any CPU.ActiveCfg = Release|Any CPU
		{FFCFCDAE-9CBA-4F4C-9BDE-8880AD79C51A}.Release|Any CPU.Build.0 = Release|Any CPU
	EndGlobalSection
	GlobalSection(SolutionProperties) = preSolution
		HideSolutionNode = FALSE
	EndGlobalSection
	GlobalSection(ExtensibilityGlobals) = postSolution
		SolutionGuid = {5A106EB7-02E2-4774-AE71-78329467DC17}
	EndGlobalSection
EndGlobal
